// !$*UTF8*$!
{
	archiveVersion = 1;
	classes = {
	};
	objectVersion = 50;
	objects = {

/* Begin PBXBuildFile section */
		ED685D0320BD1EC600A7A44E /* AppDelegate.swift in Sources */ = {isa = PBXBuildFile; fileRef = ED685D0220BD1EC600A7A44E /* AppDelegate.swift */; };
		ED685D0520BD1EC600A7A44E /* ViewController.swift in Sources */ = {isa = PBXBuildFile; fileRef = ED685D0420BD1EC600A7A44E /* ViewController.swift */; };
		ED685D0720BD1EC700A7A44E /* Assets.xcassets in Resources */ = {isa = PBXBuildFile; fileRef = ED685D0620BD1EC700A7A44E /* Assets.xcassets */; };
		ED685D0A20BD1EC700A7A44E /* Main.storyboard in Resources */ = {isa = PBXBuildFile; fileRef = ED685D0820BD1EC700A7A44E /* Main.storyboard */; };
		ED685D1620BD1EC800A7A44E /* nvpatch_macTests.swift in Sources */ = {isa = PBXBuildFile; fileRef = ED685D1520BD1EC800A7A44E /* nvpatch_macTests.swift */; };
		ED685D2120BD1EC800A7A44E /* nvpatch_macUITests.swift in Sources */ = {isa = PBXBuildFile; fileRef = ED685D2020BD1EC800A7A44E /* nvpatch_macUITests.swift */; };
/* End PBXBuildFile section */

/* Begin PBXContainerItemProxy section */
		ED685D1220BD1EC800A7A44E /* PBXContainerItemProxy */ = {
			isa = PBXContainerItemProxy;
			containerPortal = ED685CF720BD1EC600A7A44E /* Project object */;
			proxyType = 1;
			remoteGlobalIDString = ED685CFE20BD1EC600A7A44E;
			remoteInfo = "nvpatch-mac";
		};
		ED685D1D20BD1EC800A7A44E /* PBXContainerItemProxy */ = {
			isa = PBXContainerItemProxy;
			containerPortal = ED685CF720BD1EC600A7A44E /* Project object */;
			proxyType = 1;
			remoteGlobalIDString = ED685CFE20BD1EC600A7A44E;
			remoteInfo = "nvpatch-mac";
		};
/* End PBXContainerItemProxy section */

/* Begin PBXFileReference section */
		ED685CFF20BD1EC600A7A44E /* nvpatch-mac.app */ = {isa = PBXFileReference; explicitFileType = wrapper.application; includeInIndex = 0; path = "nvpatch-mac.app"; sourceTree = BUILT_PRODUCTS_DIR; };
		ED685D0220BD1EC600A7A44E /* AppDelegate.swift */ = {isa = PBXFileReference; lastKnownFileType = sourcecode.swift; path = AppDelegate.swift; sourceTree = "<group>"; };
		ED685D0420BD1EC600A7A44E /* ViewController.swift */ = {isa = PBXFileReference; lastKnownFileType = sourcecode.swift; path = ViewController.swift; sourceTree = "<group>"; };
		ED685D0620BD1EC700A7A44E /* Assets.xcassets */ = {isa = PBXFileReference; lastKnownFileType = folder.assetcatalog; path = Assets.xcassets; sourceTree = "<group>"; };
		ED685D0920BD1EC700A7A44E /* Base */ = {isa = PBXFileReference; lastKnownFileType = file.storyboard; name = Base; path = Base.lproj/Main.storyboard; sourceTree = "<group>"; };
		ED685D0B20BD1EC700A7A44E /* Info.plist */ = {isa = PBXFileReference; lastKnownFileType = text.plist.xml; path = Info.plist; sourceTree = "<group>"; };
		ED685D0C20BD1EC700A7A44E /* nvpatch_mac.entitlements */ = {isa = PBXFileReference; lastKnownFileType = text.plist.entitlements; path = nvpatch_mac.entitlements; sourceTree = "<group>"; };
		ED685D1120BD1EC800A7A44E /* nvpatch-macTests.xctest */ = {isa = PBXFileReference; explicitFileType = wrapper.cfbundle; includeInIndex = 0; path = "nvpatch-macTests.xctest"; sourceTree = BUILT_PRODUCTS_DIR; };
		ED685D1520BD1EC800A7A44E /* nvpatch_macTests.swift */ = {isa = PBXFileReference; lastKnownFileType = sourcecode.swift; path = nvpatch_macTests.swift; sourceTree = "<group>"; };
		ED685D1720BD1EC800A7A44E /* Info.plist */ = {isa = PBXFileReference; lastKnownFileType = text.plist.xml; path = Info.plist; sourceTree = "<group>"; };
		ED685D1C20BD1EC800A7A44E /* nvpatch-macUITests.xctest */ = {isa = PBXFileReference; explicitFileType = wrapper.cfbundle; includeInIndex = 0; path = "nvpatch-macUITests.xctest"; sourceTree = BUILT_PRODUCTS_DIR; };
		ED685D2020BD1EC800A7A44E /* nvpatch_macUITests.swift */ = {isa = PBXFileReference; lastKnownFileType = sourcecode.swift; path = nvpatch_macUITests.swift; sourceTree = "<group>"; };
		ED685D2220BD1EC800A7A44E /* Info.plist */ = {isa = PBXFileReference; lastKnownFileType = text.plist.xml; path = Info.plist; sourceTree = "<group>"; };
/* End PBXFileReference section */

/* Begin PBXFrameworksBuildPhase section */
		ED685CFC20BD1EC600A7A44E /* Frameworks */ = {
			isa = PBXFrameworksBuildPhase;
			buildActionMask = 2147483647;
			files = (
			);
			runOnlyForDeploymentPostprocessing = 0;
		};
		ED685D0E20BD1EC800A7A44E /* Frameworks */ = {
			isa = PBXFrameworksBuildPhase;
			buildActionMask = 2147483647;
			files = (
			);
			runOnlyForDeploymentPostprocessing = 0;
		};
		ED685D1920BD1EC800A7A44E /* Frameworks */ = {
			isa = PBXFrameworksBuildPhase;
			buildActionMask = 2147483647;
			files = (
			);
			runOnlyForDeploymentPostprocessing = 0;
		};
/* End PBXFrameworksBuildPhase section */

/* Begin PBXGroup section */
		ED685CF620BD1EC600A7A44E = {
			isa = PBXGroup;
			children = (
				ED685D0120BD1EC600A7A44E /* nvpatch-mac */,
				ED685D1420BD1EC800A7A44E /* nvpatch-macTests */,
				ED685D1F20BD1EC800A7A44E /* nvpatch-macUITests */,
				ED685D0020BD1EC600A7A44E /* Products */,
			);
			sourceTree = "<group>";
		};
		ED685D0020BD1EC600A7A44E /* Products */ = {
			isa = PBXGroup;
			children = (
				ED685CFF20BD1EC600A7A44E /* nvpatch-mac.app */,
				ED685D1120BD1EC800A7A44E /* nvpatch-macTests.xctest */,
				ED685D1C20BD1EC800A7A44E /* nvpatch-macUITests.xctest */,
			);
			name = Products;
			sourceTree = "<group>";
		};
		ED685D0120BD1EC600A7A44E /* nvpatch-mac */ = {
			isa = PBXGroup;
			children = (
				ED685D0220BD1EC600A7A44E /* AppDelegate.swift */,
				ED685D0420BD1EC600A7A44E /* ViewController.swift */,
				ED685D0620BD1EC700A7A44E /* Assets.xcassets */,
				ED685D0820BD1EC700A7A44E /* Main.storyboard */,
				ED685D0B20BD1EC700A7A44E /* Info.plist */,
				ED685D0C20BD1EC700A7A44E /* nvpatch_mac.entitlements */,
			);
			path = "nvpatch-mac";
			sourceTree = "<group>";
		};
		ED685D1420BD1EC800A7A44E /* nvpatch-macTests */ = {
			isa = PBXGroup;
			children = (
				ED685D1520BD1EC800A7A44E /* nvpatch_macTests.swift */,
				ED685D1720BD1EC800A7A44E /* Info.plist */,
			);
			path = "nvpatch-macTests";
			sourceTree = "<group>";
		};
		ED685D1F20BD1EC800A7A44E /* nvpatch-macUITests */ = {
			isa = PBXGroup;
			children = (
				ED685D2020BD1EC800A7A44E /* nvpatch_macUITests.swift */,
				ED685D2220BD1EC800A7A44E /* Info.plist */,
			);
			path = "nvpatch-macUITests";
			sourceTree = "<group>";
		};
/* End PBXGroup section */

/* Begin PBXNativeTarget section */
		ED685CFE20BD1EC600A7A44E /* nvpatch-mac */ = {
			isa = PBXNativeTarget;
			buildConfigurationList = ED685D2520BD1EC800A7A44E /* Build configuration list for PBXNativeTarget "nvpatch-mac" */;
			buildPhases = (
				ED685CFB20BD1EC600A7A44E /* Sources */,
				ED685CFC20BD1EC600A7A44E /* Frameworks */,
				ED685CFD20BD1EC600A7A44E /* Resources */,
			);
			buildRules = (
			);
			dependencies = (
			);
			name = "nvpatch-mac";
			productName = "nvpatch-mac";
			productReference = ED685CFF20BD1EC600A7A44E /* nvpatch-mac.app */;
			productType = "com.apple.product-type.application";
		};
		ED685D1020BD1EC800A7A44E /* nvpatch-macTests */ = {
			isa = PBXNativeTarget;
			buildConfigurationList = ED685D2820BD1EC800A7A44E /* Build configuration list for PBXNativeTarget "nvpatch-macTests" */;
			buildPhases = (
				ED685D0D20BD1EC800A7A44E /* Sources */,
				ED685D0E20BD1EC800A7A44E /* Frameworks */,
				ED685D0F20BD1EC800A7A44E /* Resources */,
			);
			buildRules = (
			);
			dependencies = (
				ED685D1320BD1EC800A7A44E /* PBXTargetDependency */,
			);
			name = "nvpatch-macTests";
			productName = "nvpatch-macTests";
			productReference = ED685D1120BD1EC800A7A44E /* nvpatch-macTests.xctest */;
			productType = "com.apple.product-type.bundle.unit-test";
		};
		ED685D1B20BD1EC800A7A44E /* nvpatch-macUITests */ = {
			isa = PBXNativeTarget;
			buildConfigurationList = ED685D2B20BD1EC800A7A44E /* Build configuration list for PBXNativeTarget "nvpatch-macUITests" */;
			buildPhases = (
				ED685D1820BD1EC800A7A44E /* Sources */,
				ED685D1920BD1EC800A7A44E /* Frameworks */,
				ED685D1A20BD1EC800A7A44E /* Resources */,
			);
			buildRules = (
			);
			dependencies = (
				ED685D1E20BD1EC800A7A44E /* PBXTargetDependency */,
			);
			name = "nvpatch-macUITests";
			productName = "nvpatch-macUITests";
			productReference = ED685D1C20BD1EC800A7A44E /* nvpatch-macUITests.xctest */;
			productType = "com.apple.product-type.bundle.ui-testing";
		};
/* End PBXNativeTarget section */

/* Begin PBXProject section */
		ED685CF720BD1EC600A7A44E /* Project object */ = {
			isa = PBXProject;
			attributes = {
				LastSwiftUpdateCheck = 0930;
				LastUpgradeCheck = 0930;
				ORGANIZATIONNAME = "崔瑜";
				TargetAttributes = {
					ED685CFE20BD1EC600A7A44E = {
						CreatedOnToolsVersion = 9.3.1;
					};
					ED685D1020BD1EC800A7A44E = {
						CreatedOnToolsVersion = 9.3.1;
						TestTargetID = ED685CFE20BD1EC600A7A44E;
					};
					ED685D1B20BD1EC800A7A44E = {
						CreatedOnToolsVersion = 9.3.1;
						TestTargetID = ED685CFE20BD1EC600A7A44E;
					};
				};
			};
			buildConfigurationList = ED685CFA20BD1EC600A7A44E /* Build configuration list for PBXProject "nvpatch-mac" */;
			compatibilityVersion = "Xcode 9.3";
			developmentRegion = en;
			hasScannedForEncodings = 0;
			knownRegions = (
				en,
				Base,
			);
			mainGroup = ED685CF620BD1EC600A7A44E;
			productRefGroup = ED685D0020BD1EC600A7A44E /* Products */;
			projectDirPath = "";
			projectRoot = "";
			targets = (
				ED685CFE20BD1EC600A7A44E /* nvpatch-mac */,
				ED685D1020BD1EC800A7A44E /* nvpatch-macTests */,
				ED685D1B20BD1EC800A7A44E /* nvpatch-macUITests */,
			);
		};
/* End PBXProject section */

/* Begin PBXResourcesBuildPhase section */
		ED685CFD20BD1EC600A7A44E /* Resources */ = {
			isa = PBXResourcesBuildPhase;
			buildActionMask = 2147483647;
			files = (
				ED685D0720BD1EC700A7A44E /* Assets.xcassets in Resources */,
				ED685D0A20BD1EC700A7A44E /* Main.storyboard in Resources */,
			);
			runOnlyForDeploymentPostprocessing = 0;
		};
		ED685D0F20BD1EC800A7A44E /* Resources */ = {
			isa = PBXResourcesBuildPhase;
			buildActionMask = 2147483647;
			files = (
			);
			runOnlyForDeploymentPostprocessing = 0;
		};
		ED685D1A20BD1EC800A7A44E /* Resources */ = {
			isa = PBXResourcesBuildPhase;
			buildActionMask = 2147483647;
			files = (
			);
			runOnlyForDeploymentPostprocessing = 0;
		};
/* End PBXResourcesBuildPhase section */

/* Begin PBXSourcesBuildPhase section */
		ED685CFB20BD1EC600A7A44E /* Sources */ = {
			isa = PBXSourcesBuildPhase;
			buildActionMask = 2147483647;
			files = (
				ED685D0520BD1EC600A7A44E /* ViewController.swift in Sources */,
				ED685D0320BD1EC600A7A44E /* AppDelegate.swift in Sources */,
			);
			runOnlyForDeploymentPostprocessing = 0;
		};
		ED685D0D20BD1EC800A7A44E /* Sources */ = {
			isa = PBXSourcesBuildPhase;
			buildActionMask = 2147483647;
			files = (
				ED685D1620BD1EC800A7A44E /* nvpatch_macTests.swift in Sources */,
			);
			runOnlyForDeploymentPostprocessing = 0;
		};
		ED685D1820BD1EC800A7A44E /* Sources */ = {
			isa = PBXSourcesBuildPhase;
			buildActionMask = 2147483647;
			files = (
				ED685D2120BD1EC800A7A44E /* nvpatch_macUITests.swift in Sources */,
			);
			runOnlyForDeploymentPostprocessing = 0;
		};
/* End PBXSourcesBuildPhase section */

/* Begin PBXTargetDependency section */
		ED685D1320BD1EC800A7A44E /* PBXTargetDependency */ = {
			isa = PBXTargetDependency;
			target = ED685CFE20BD1EC600A7A44E /* nvpatch-mac */;
			targetProxy = ED685D1220BD1EC800A7A44E /* PBXContainerItemProxy */;
		};
		ED685D1E20BD1EC800A7A44E /* PBXTargetDependency */ = {
			isa = PBXTargetDependency;
			target = ED685CFE20BD1EC600A7A44E /* nvpatch-mac */;
			targetProxy = ED685D1D20BD1EC800A7A44E /* PBXContainerItemProxy */;
		};
/* End PBXTargetDependency section */

/* Begin PBXVariantGroup section */
		ED685D0820BD1EC700A7A44E /* Main.storyboard */ = {
			isa = PBXVariantGroup;
			children = (
				ED685D0920BD1EC700A7A44E /* Base */,
			);
			name = Main.storyboard;
			sourceTree = "<group>";
		};
/* End PBXVariantGroup section */

/* Begin XCBuildConfiguration section */
		ED685D2320BD1EC800A7A44E /* Debug */ = {
			isa = XCBuildConfiguration;
			buildSettings = {
				ALWAYS_SEARCH_USER_PATHS = NO;
				CLANG_ANALYZER_NONNULL = YES;
				CLANG_ANALYZER_NUMBER_OBJECT_CONVERSION = YES_AGGRESSIVE;
				CLANG_CXX_LANGUAGE_STANDARD = "gnu++14";
				CLANG_CXX_LIBRARY = "libc++";
				CLANG_ENABLE_MODULES = YES;
				CLANG_ENABLE_OBJC_ARC = YES;
				CLANG_ENABLE_OBJC_WEAK = YES;
				CLANG_WARN_BLOCK_CAPTURE_AUTORELEASING = YES;
				CLANG_WARN_BOOL_CONVERSION = YES;
				CLANG_WARN_COMMA = YES;
				CLANG_WARN_CONSTANT_CONVERSION = YES;
				CLANG_WARN_DEPRECATED_OBJC_IMPLEMENTATIONS = YES;
				CLANG_WARN_DIRECT_OBJC_ISA_USAGE = YES_ERROR;
				CLANG_WARN_DOCUMENTATION_COMMENTS = YES;
				CLANG_WARN_EMPTY_BODY = YES;
				CLANG_WARN_ENUM_CONVERSION = YES;
				CLANG_WARN_INFINITE_RECURSION = YES;
				CLANG_WARN_INT_CONVERSION = YES;
				CLANG_WARN_NON_LITERAL_NULL_CONVERSION = YES;
				CLANG_WARN_OBJC_IMPLICIT_RETAIN_SELF = YES;
				CLANG_WARN_OBJC_LITERAL_CONVERSION = YES;
				CLANG_WARN_OBJC_ROOT_CLASS = YES_ERROR;
				CLANG_WARN_RANGE_LOOP_ANALYSIS = YES;
				CLANG_WARN_STRICT_PROTOTYPES = YES;
				CLANG_WARN_SUSPICIOUS_MOVE = YES;
				CLANG_WARN_UNGUARDED_AVAILABILITY = YES_AGGRESSIVE;
				CLANG_WARN_UNREACHABLE_CODE = YES;
				CLANG_WARN__DUPLICATE_METHOD_MATCH = YES;
				CODE_SIGN_IDENTITY = "Mac Developer";
				COPY_PHASE_STRIP = NO;
				DEBUG_INFORMATION_FORMAT = dwarf;
				ENABLE_STRICT_OBJC_MSGSEND = YES;
				ENABLE_TESTABILITY = YES;
				GCC_C_LANGUAGE_STANDARD = gnu11;
				GCC_DYNAMIC_NO_PIC = NO;
				GCC_NO_COMMON_BLOCKS = YES;
				GCC_OPTIMIZATION_LEVEL = 0;
				GCC_PREPROCESSOR_DEFINITIONS = (
					"DEBUG=1",
					"$(inherited)",
				);
				GCC_WARN_64_TO_32_BIT_CONVERSION = YES;
				GCC_WARN_ABOUT_RETURN_TYPE = YES_ERROR;
				GCC_WARN_UNDECLARED_SELECTOR = YES;
				GCC_WARN_UNINITIALIZED_AUTOS = YES_AGGRESSIVE;
				GCC_WARN_UNUSED_FUNCTION = YES;
				GCC_WARN_UNUSED_VARIABLE = YES;
				MACOSX_DEPLOYMENT_TARGET = 10.13;
				MTL_ENABLE_DEBUG_INFO = YES;
				ONLY_ACTIVE_ARCH = YES;
				SDKROOT = macosx;
				SWIFT_ACTIVE_COMPILATION_CONDITIONS = DEBUG;
				SWIFT_OPTIMIZATION_LEVEL = "-Onone";
			};
			name = Debug;
		};
		ED685D2420BD1EC800A7A44E /* Release */ = {
			isa = XCBuildConfiguration;
			buildSettings = {
				ALWAYS_SEARCH_USER_PATHS = NO;
				CLANG_ANALYZER_NONNULL = YES;
				CLANG_ANALYZER_NUMBER_OBJECT_CONVERSION = YES_AGGRESSIVE;
				CLANG_CXX_LANGUAGE_STANDARD = "gnu++14";
				CLANG_CXX_LIBRARY = "libc++";
				CLANG_ENABLE_MODULES = YES;
				CLANG_ENABLE_OBJC_ARC = YES;
				CLANG_ENABLE_OBJC_WEAK = YES;
				CLANG_WARN_BLOCK_CAPTURE_AUTORELEASING = YES;
				CLANG_WARN_BOOL_CONVERSION = YES;
				CLANG_WARN_COMMA = YES;
				CLANG_WARN_CONSTANT_CONVERSION = YES;
				CLANG_WARN_DEPRECATED_OBJC_IMPLEMENTATIONS = YES;
				CLANG_WARN_DIRECT_OBJC_ISA_USAGE = YES_ERROR;
				CLANG_WARN_DOCUMENTATION_COMMENTS = YES;
				CLANG_WARN_EMPTY_BODY = YES;
				CLANG_WARN_ENUM_CONVERSION = YES;
				CLANG_WARN_INFINITE_RECURSION = YES;
				CLANG_WARN_INT_CONVERSION = YES;
				CLANG_WARN_NON_LITERAL_NULL_CONVERSION = YES;
				CLANG_WARN_OBJC_IMPLICIT_RETAIN_SELF = YES;
				CLANG_WARN_OBJC_LITERAL_CONVERSION = YES;
				CLANG_WARN_OBJC_ROOT_CLASS = YES_ERROR;
				CLANG_WARN_RANGE_LOOP_ANALYSIS = YES;
				CLANG_WARN_STRICT_PROTOTYPES = YES;
				CLANG_WARN_SUSPICIOUS_MOVE = YES;
				CLANG_WARN_UNGUARDED_AVAILABILITY = YES_AGGRESSIVE;
				CLANG_WARN_UNREACHABLE_CODE = YES;
				CLANG_WARN__DUPLICATE_METHOD_MATCH = YES;
				CODE_SIGN_IDENTITY = "Mac Developer";
				COPY_PHASE_STRIP = NO;
				DEBUG_INFORMATION_FORMAT = "dwarf-with-dsym";
				ENABLE_NS_ASSERTIONS = NO;
				ENABLE_STRICT_OBJC_MSGSEND = YES;
				GCC_C_LANGUAGE_STANDARD = gnu11;
				GCC_NO_COMMON_BLOCKS = YES;
				GCC_WARN_64_TO_32_BIT_CONVERSION = YES;
				GCC_WARN_ABOUT_RETURN_TYPE = YES_ERROR;
				GCC_WARN_UNDECLARED_SELECTOR = YES;
				GCC_WARN_UNINITIALIZED_AUTOS = YES_AGGRESSIVE;
				GCC_WARN_UNUSED_FUNCTION = YES;
				GCC_WARN_UNUSED_VARIABLE = YES;
				MACOSX_DEPLOYMENT_TARGET = 10.13;
				MTL_ENABLE_DEBUG_INFO = NO;
				SDKROOT = macosx;
				SWIFT_COMPILATION_MODE = wholemodule;
				SWIFT_OPTIMIZATION_LEVEL = "-O";
			};
			name = Release;
		};
		ED685D2620BD1EC800A7A44E /* Debug */ = {
			isa = XCBuildConfiguration;
			buildSettings = {
				ASSETCATALOG_COMPILER_APPICON_NAME = AppIcon;
				CODE_SIGN_ENTITLEMENTS = "nvpatch-mac/nvpatch_mac.entitlements";
				CODE_SIGN_STYLE = Automatic;
				COMBINE_HIDPI_IMAGES = YES;
				DEVELOPMENT_TEAM = HHP6B9KW5N;
				INFOPLIST_FILE = "nvpatch-mac/Info.plist";
				LD_RUNPATH_SEARCH_PATHS = (
					"$(inherited)",
					"@executable_path/../Frameworks",
				);
				PRODUCT_BUNDLE_IDENTIFIER = "com.krray.delphisky.nvpatch-mac";
				PRODUCT_NAME = "$(TARGET_NAME)";
				SWIFT_VERSION = 4.0;
			};
			name = Debug;
		};
		ED685D2720BD1EC800A7A44E /* Release */ = {
			isa = XCBuildConfiguration;
			buildSettings = {
				ASSETCATALOG_COMPILER_APPICON_NAME = AppIcon;
				CODE_SIGN_ENTITLEMENTS = "nvpatch-mac/nvpatch_mac.entitlements";
				CODE_SIGN_STYLE = Automatic;
				COMBINE_HIDPI_IMAGES = YES;
				DEVELOPMENT_TEAM = HHP6B9KW5N;
				INFOPLIST_FILE = "nvpatch-mac/Info.plist";
				LD_RUNPATH_SEARCH_PATHS = (
					"$(inherited)",
					"@executable_path/../Frameworks",
				);
				PRODUCT_BUNDLE_IDENTIFIER = "com.krray.delphisky.nvpatch-mac";
				PRODUCT_NAME = "$(TARGET_NAME)";
				SWIFT_VERSION = 4.0;
			};
			name = Release;
		};
		ED685D2920BD1EC800A7A44E /* Debug */ = {
			isa = XCBuildConfiguration;
			buildSettings = {
				ALWAYS_EMBED_SWIFT_STANDARD_LIBRARIES = YES;
				BUNDLE_LOADER = "$(TEST_HOST)";
				CODE_SIGN_STYLE = Automatic;
				COMBINE_HIDPI_IMAGES = YES;
				DEVELOPMENT_TEAM = HHP6B9KW5N;
				INFOPLIST_FILE = "nvpatch-macTests/Info.plist";
				LD_RUNPATH_SEARCH_PATHS = (
					"$(inherited)",
					"@executable_path/../Frameworks",
					"@loader_path/../Frameworks",
				);
				PRODUCT_BUNDLE_IDENTIFIER = "com.krray.titeam.nvpatch-macTests";
				PRODUCT_NAME = "$(TARGET_NAME)";
				SWIFT_VERSION = 4.0;
				TEST_HOST = "$(BUILT_PRODUCTS_DIR)/nvpatch-mac.app/Contents/MacOS/nvpatch-mac";
			};
			name = Debug;
		};
		ED685D2A20BD1EC800A7A44E /* Release */ = {
			isa = XCBuildConfiguration;
			buildSettings = {
				ALWAYS_EMBED_SWIFT_STANDARD_LIBRARIES = YES;
				BUNDLE_LOADER = "$(TEST_HOST)";
				CODE_SIGN_STYLE = Automatic;
				COMBINE_HIDPI_IMAGES = YES;
				DEVELOPMENT_TEAM = HHP6B9KW5N;
				INFOPLIST_FILE = "nvpatch-macTests/Info.plist";
				LD_RUNPATH_SEARCH_PATHS = (
					"$(inherited)",
					"@executable_path/../Frameworks",
					"@loader_path/../Frameworks",
				);
				PRODUCT_BUNDLE_IDENTIFIER = "com.krray.titeam.nvpatch-macTests";
				PRODUCT_NAME = "$(TARGET_NAME)";
				SWIFT_VERSION = 4.0;
				TEST_HOST = "$(BUILT_PRODUCTS_DIR)/nvpatch-mac.app/Contents/MacOS/nvpatch-mac";
			};
			name = Release;
		};
		ED685D2C20BD1EC800A7A44E /* Debug */ = {
			isa = XCBuildConfiguration;
			buildSettings = {
				ALWAYS_EMBED_SWIFT_STANDARD_LIBRARIES = YES;
				CODE_SIGN_STYLE = Automatic;
				COMBINE_HIDPI_IMAGES = YES;
				DEVELOPMENT_TEAM = HHP6B9KW5N;
				INFOPLIST_FILE = "nvpatch-macUITests/Info.plist";
				LD_RUNPATH_SEARCH_PATHS = (
					"$(inherited)",
					"@executable_path/../Frameworks",
					"@loader_path/../Frameworks",
				);
				PRODUCT_BUNDLE_IDENTIFIER = "com.krray.titeam.nvpatch-macUITests";
				PRODUCT_NAME = "$(TARGET_NAME)";
				SWIFT_VERSION = 4.0;
				TEST_TARGET_NAME = "nvpatch-mac";
			};
			name = Debug;
		};
		ED685D2D20BD1EC800A7A44E /* Release */ = {
			isa = XCBuildConfiguration;
			buildSettings = {
				ALWAYS_EMBED_SWIFT_STANDARD_LIBRARIES = YES;
				CODE_SIGN_STYLE = Automatic;
				COMBINE_HIDPI_IMAGES = YES;
				DEVELOPMENT_TEAM = HHP6B9KW5N;
				INFOPLIST_FILE = "nvpatch-macUITests/Info.plist";
				LD_RUNPATH_SEARCH_PATHS = (
					"$(inherited)",
					"@executable_path/../Frameworks",
					"@loader_path/../Frameworks",
				);
				PRODUCT_BUNDLE_IDENTIFIER = "com.krray.titeam.nvpatch-macUITests";
				PRODUCT_NAME = "$(TARGET_NAME)";
				SWIFT_VERSION = 4.0;
				TEST_TARGET_NAME = "nvpatch-mac";
			};
			name = Release;
		};
/* End XCBuildConfiguration section */

/* Begin XCConfigurationList section */
		ED685CFA20BD1EC600A7A44E /* Build configuration list for PBXProject "nvpatch-mac" */ = {
			isa = XCConfigurationList;
			buildConfigurations = (
				ED685D2320BD1EC800A7A44E /* Debug */,
				ED685D2420BD1EC800A7A44E /* Release */,
			);
			defaultConfigurationIsVisible = 0;
			defaultConfigurationName = Release;
		};
		ED685D2520BD1EC800A7A44E /* Build configuration list for PBXNativeTarget "nvpatch-mac" */ = {
			isa = XCConfigurationList;
			buildConfigurations = (
				ED685D2620BD1EC800A7A44E /* Debug */,
				ED685D2720BD1EC800A7A44E /* Release */,
			);
			defaultConfigurationIsVisible = 0;
			defaultConfigurationName = Release;
		};
		ED685D2820BD1EC800A7A44E /* Build configuration list for PBXNativeTarget "nvpatch-macTests" */ = {
			isa = XCConfigurationList;
			buildConfigurations = (
				ED685D2920BD1EC800A7A44E /* Debug */,
				ED685D2A20BD1EC800A7A44E /* Release */,
			);
			defaultConfigurationIsVisible = 0;
			defaultConfigurationName = Release;
		};
		ED685D2B20BD1EC800A7A44E /* Build configuration list for PBXNativeTarget "nvpatch-macUITests" */ = {
			isa = XCConfigurationList;
			buildConfigurations = (
				ED685D2C20BD1EC800A7A44E /* Debug */,
				ED685D2D20BD1EC800A7A44E /* Release */,
			);
			defaultConfigurationIsVisible = 0;
			defaultConfigurationName = Release;
		};
/* End XCConfigurationList section */
	};
	rootObject = ED685CF720BD1EC600A7A44E /* Project object */;
}
